
Microsoft Visual Studio Solution File, Format Version 12.00
# Visual Studio Version 17
VisualStudioVersion = 17.9.34607.119
MinimumVisualStudioVersion = 10.0.40219.1
Project("{FAE04EC0-301F-11D3-BF4B-00C04F79EFBC}") = "ControleCodeFirst", "ControleCodeFirst\ControleCodeFirst.csproj", "{4E9468E5-1348-4C73-B5FC-6025C58EEC9E}"
EndProject
Global
	GlobalSection(SolutionConfigurationPlatforms) = preSolution
		Debug|Any CPU = Debug|Any CPU
		Release|Any CPU = Release|Any CPU
	EndGlobalSection
	GlobalSection(ProjectConfigurationPlatforms) = postSolution
		{4E9468E5-1348-4C73-B5FC-6025C58EEC9E}.Debug|Any CPU.ActiveCfg = Debug|Any CPU
		{4E9468E5-1348-4C73-B5FC-6025C58EEC9E}.Debug|Any CPU.Build.0 = Debug|Any CPU
		{4E9468E5-1348-4C73-B5FC-6025C58EEC9E}.Release|Any CPU.ActiveCfg = Release|Any CPU
		{4E9468E5-1348-4C73-B5FC-6025C58EEC9E}.Release|Any CPU.Build.0 = Release|Any CPU
	EndGlobalSection
	GlobalSection(SolutionProperties) = preSolution
		HideSolutionNode = FALSE
	EndGlobalSection
	GlobalSection(ExtensibilityGlobals) = postSolution
		SolutionGuid = {0747D70F-EB16-490E-9805-710B3B3C20FE}
	EndGlobalSection
EndGlobal
